
Microsoft Visual Studio Solution File, Format Version 12.00
# Visual Studio 14
VisualStudioVersion = 14.0.24720.0
MinimumVisualStudioVersion = 10.0.40219.1
Project("{FAE04EC0-301F-11D3-BF4B-00C04F79EFBC}") = "CollectionsForDummies.Collections", "CollectionsForDummies.Collections\CollectionsForDummies.Collections.csproj", "{6145C1A2-4830-48F1-A6A0-D4202095C591}"
EndProject
Project("{FAE04EC0-301F-11D3-BF4B-00C04F79EFBC}") = "CollectionsForDummies.Collections.Tests", "CollectionsForDummies.Collections.Tests\CollectionsForDummies.Collections.Tests.csproj", "{2FB867D1-10B0-4DA4-907A-99FB99A2B96D}"
EndProject
Global
	GlobalSection(SolutionConfigurationPlatforms) = preSolution
		Debug|Any CPU = Debug|Any CPU
		Release|Any CPU = Release|Any CPU
	EndGlobalSection
	GlobalSection(ProjectConfigurationPlatforms) = postSolution
		{6145C1A2-4830-48F1-A6A0-D4202095C591}.Debug|Any CPU.ActiveCfg = Debug|Any CPU
		{6145C1A2-4830-48F1-A6A0-D4202095C591}.Debug|Any CPU.Build.0 = Debug|Any CPU
		{6145C1A2-4830-48F1-A6A0-D4202095C591}.Release|Any CPU.ActiveCfg = Release|Any CPU
		{6145C1A2-4830-48F1-A6A0-D4202095C591}.Release|Any CPU.Build.0 = Release|Any CPU
		{2FB867D1-10B0-4DA4-907A-99FB99A2B96D}.Debug|Any CPU.ActiveCfg = Debug|Any CPU
		{2FB867D1-10B0-4DA4-907A-99FB99A2B96D}.Debug|Any CPU.Build.0 = Debug|Any CPU
		{2FB867D1-10B0-4DA4-907A-99FB99A2B96D}.Release|Any CPU.ActiveCfg = Release|Any CPU
		{2FB867D1-10B0-4DA4-907A-99FB99A2B96D}.Release|Any CPU.Build.0 = Release|Any CPU
	EndGlobalSection
	GlobalSection(SolutionProperties) = preSolution
		HideSolutionNode = FALSE
	EndGlobalSection
EndGlobal
